
Microsoft Visual Studio Solution File, Format Version 12.00
# Visual Studio Version 17
VisualStudioVersion = 17.0.31903.59
MinimumVisualStudioVersion = 10.0.40219.1
Project("{FAE04EC0-301F-11D3-BF4B-00C04F79EFBC}") = "StarFleetShips.API", "StarFleetShips.API\StarFleetShips.API.csproj", "{58050848-0C65-4603-AFE8-468C3B328AA7}"
EndProject
Project("{FAE04EC0-301F-11D3-BF4B-00C04F79EFBC}") = "StarFleetShips.UnitTests", "StarFleetShips.UnitTests\StarFleetShips.UnitTests.csproj", "{DE46339C-466B-4342-8104-AA85FF311F37}"
EndProject
Global
	GlobalSection(SolutionConfigurationPlatforms) = preSolution
		Debug|Any CPU = Debug|Any CPU
		Release|Any CPU = Release|Any CPU
	EndGlobalSection
	GlobalSection(SolutionProperties) = preSolution
		HideSolutionNode = FALSE
	EndGlobalSection
	GlobalSection(ProjectConfigurationPlatforms) = postSolution
		{58050848-0C65-4603-AFE8-468C3B328AA7}.Debug|Any CPU.ActiveCfg = Debug|Any CPU
		{58050848-0C65-4603-AFE8-468C3B328AA7}.Debug|Any CPU.Build.0 = Debug|Any CPU
		{58050848-0C65-4603-AFE8-468C3B328AA7}.Release|Any CPU.ActiveCfg = Release|Any CPU
		{58050848-0C65-4603-AFE8-468C3B328AA7}.Release|Any CPU.Build.0 = Release|Any CPU
		{DE46339C-466B-4342-8104-AA85FF311F37}.Debug|Any CPU.ActiveCfg = Debug|Any CPU
		{DE46339C-466B-4342-8104-AA85FF311F37}.Debug|Any CPU.Build.0 = Debug|Any CPU
		{DE46339C-466B-4342-8104-AA85FF311F37}.Release|Any CPU.ActiveCfg = Release|Any CPU
		{DE46339C-466B-4342-8104-AA85FF311F37}.Release|Any CPU.Build.0 = Release|Any CPU
	EndGlobalSection
EndGlobal
